<?xml version="1.0" encoding="utf-8"?>
<Project ToolsVersion="15.0" xmlns="http://schemas.microsoft.com/developer/msbuild/2003">
  <ItemGroup>
    <CustomBuild Include="G:\1.devproject\kumyoung-karaoke-clone\work\FluidSynth\fluidsynth-2.0.6\CMakeFiles\db8779a1280fa09b949af2c3ea906ab1\INSTALL_force.rule">
      <Filter>CMake Rules</Filter>
    </CustomBuild>
  </ItemGroup>
  <ItemGroup>
    <Filter Include="CMake Rules">
      <UniqueIdentifier>{3BEFB1CA-1ADF-3BE0-AA8A-A7C7052D6290}</UniqueIdentifier>
    </Filter>
  </ItemGroup>
</Project>
