Microsoft Visual Studio Solution File, Format Version 12.00
# Visual Studio 15
Project("{8BC9CEB8-8B4A-11D0-8D11-00A0C91BC942}") = "ALL_BUILD", "ALL_BUILD.vcxproj", "{EEE1F493-AA4A-3528-87BD-4C6A63E4A548}"
	ProjectSection(ProjectDependencies) = postProject
		{74490D76-9AE4-38AF-9DA1-1B6BE12D5DE2} = {74490D76-9AE4-38AF-9DA1-1B6BE12D5DE2}
		{44C7AF7F-D9FF-3B5E-8400-F1863B28C955} = {44C7AF7F-D9FF-3B5E-8400-F1863B28C955}
		{04283F09-FCD5-302B-81EF-B6A371DA8B7F} = {04283F09-FCD5-302B-81EF-B6A371DA8B7F}
		{025F9762-BD25-3F59-B8CE-11168CEFBCDF} = {025F9762-BD25-3F59-B8CE-11168CEFBCDF}
		{F4889B7E-C0D1-327C-BE33-F8AB2C6D186A} = {F4889B7E-C0D1-327C-BE33-F8AB2C6D186A}
	EndProjectSection
EndProject
Project("{8BC9CEB8-8B4A-11D0-8D11-00A0C91BC942}") = "INSTALL", "INSTALL.vcxproj", "{083D5A28-B196-37C8-B009-955B0229733B}"
	ProjectSection(ProjectDependencies) = postProject
		{EEE1F493-AA4A-3528-87BD-4C6A63E4A548} = {EEE1F493-AA4A-3528-87BD-4C6A63E4A548}
		{74490D76-9AE4-38AF-9DA1-1B6BE12D5DE2} = {74490D76-9AE4-38AF-9DA1-1B6BE12D5DE2}
	EndProjectSection
EndProject
Project("{8BC9CEB8-8B4A-11D0-8D11-00A0C91BC942}") = "PACKAGE", "PACKAGE.vcxproj", "{25734DBE-004E-3EE0-A88B-7C907BD48BAA}"
	ProjectSection(ProjectDependencies) = postProject
		{EEE1F493-AA4A-3528-87BD-4C6A63E4A548} = {EEE1F493-AA4A-3528-87BD-4C6A63E4A548}
		{74490D76-9AE4-38AF-9DA1-1B6BE12D5DE2} = {74490D76-9AE4-38AF-9DA1-1B6BE12D5DE2}
	EndProjectSection
EndProject
Project("{8BC9CEB8-8B4A-11D0-8D11-00A0C91BC942}") = "ZERO_CHECK", "ZERO_CHECK.vcxproj", "{74490D76-9AE4-38AF-9DA1-1B6BE12D5DE2}"
	ProjectSection(ProjectDependencies) = postProject
	EndProjectSection
EndProject
Project("{8BC9CEB8-8B4A-11D0-8D11-00A0C91BC942}") = "check", "test\check.vcxproj", "{181E9A95-8857-3BFC-B41A-6A955122A1E3}"
	ProjectSection(ProjectDependencies) = postProject
		{74490D76-9AE4-38AF-9DA1-1B6BE12D5DE2} = {74490D76-9AE4-38AF-9DA1-1B6BE12D5DE2}
		{BF569320-9C87-30AF-909F-CF1E65E1E015} = {BF569320-9C87-30AF-909F-CF1E65E1E015}
		{A21A8A21-55C9-38BB-8C40-C39666027A94} = {A21A8A21-55C9-38BB-8C40-C39666027A94}
		{8B6039AF-60A8-3397-9B07-0BAAB3ED6531} = {8B6039AF-60A8-3397-9B07-0BAAB3ED6531}
		{C2F7956D-CA10-3509-96D9-E2B513821CA8} = {C2F7956D-CA10-3509-96D9-E2B513821CA8}
		{8466F8D3-B1B3-3071-878A-EC3EF3E437E5} = {8466F8D3-B1B3-3071-878A-EC3EF3E437E5}
		{37B5FC4F-35C9-3030-A73A-6BF0B27501DF} = {37B5FC4F-35C9-3030-A73A-6BF0B27501DF}
		{C406AE4D-EBA3-3C3D-9236-28FA4E3D895B} = {C406AE4D-EBA3-3C3D-9236-28FA4E3D895B}
		{48022112-E3EB-392B-BCC9-6AAA10CC795F} = {48022112-E3EB-392B-BCC9-6AAA10CC795F}
	EndProjectSection
EndProject
Project("{8BC9CEB8-8B4A-11D0-8D11-00A0C91BC942}") = "fluidsynth", "src\fluidsynth.vcxproj", "{44C7AF7F-D9FF-3B5E-8400-F1863B28C955}"
	ProjectSection(ProjectDependencies) = postProject
		{74490D76-9AE4-38AF-9DA1-1B6BE12D5DE2} = {74490D76-9AE4-38AF-9DA1-1B6BE12D5DE2}
		{025F9762-BD25-3F59-B8CE-11168CEFBCDF} = {025F9762-BD25-3F59-B8CE-11168CEFBCDF}
	EndProjectSection
EndProject
Project("{8BC9CEB8-8B4A-11D0-8D11-00A0C91BC942}") = "gentables", "src\gentables.vcxproj", "{04283F09-FCD5-302B-81EF-B6A371DA8B7F}"
	ProjectSection(ProjectDependencies) = postProject
		{74490D76-9AE4-38AF-9DA1-1B6BE12D5DE2} = {74490D76-9AE4-38AF-9DA1-1B6BE12D5DE2}
	EndProjectSection
EndProject
Project("{8BC9CEB8-8B4A-11D0-8D11-00A0C91BC942}") = "libfluidsynth", "src\libfluidsynth.vcxproj", "{025F9762-BD25-3F59-B8CE-11168CEFBCDF}"
	ProjectSection(ProjectDependencies) = postProject
		{74490D76-9AE4-38AF-9DA1-1B6BE12D5DE2} = {74490D76-9AE4-38AF-9DA1-1B6BE12D5DE2}
		{F4889B7E-C0D1-327C-BE33-F8AB2C6D186A} = {F4889B7E-C0D1-327C-BE33-F8AB2C6D186A}
	EndProjectSection
EndProject
Project("{8BC9CEB8-8B4A-11D0-8D11-00A0C91BC942}") = "libfluidsynth-OBJ", "src\libfluidsynth-OBJ.vcxproj", "{F4889B7E-C0D1-327C-BE33-F8AB2C6D186A}"
	ProjectSection(ProjectDependencies) = postProject
		{74490D76-9AE4-38AF-9DA1-1B6BE12D5DE2} = {74490D76-9AE4-38AF-9DA1-1B6BE12D5DE2}
		{04283F09-FCD5-302B-81EF-B6A371DA8B7F} = {04283F09-FCD5-302B-81EF-B6A371DA8B7F}
	EndProjectSection
EndProject
Project("{8BC9CEB8-8B4A-11D0-8D11-00A0C91BC942}") = "test_pointer_alignment", "test\test_pointer_alignment.vcxproj", "{BF569320-9C87-30AF-909F-CF1E65E1E015}"
	ProjectSection(ProjectDependencies) = postProject
		{74490D76-9AE4-38AF-9DA1-1B6BE12D5DE2} = {74490D76-9AE4-38AF-9DA1-1B6BE12D5DE2}
		{F4889B7E-C0D1-327C-BE33-F8AB2C6D186A} = {F4889B7E-C0D1-327C-BE33-F8AB2C6D186A}
	EndProjectSection
EndProject
Project("{8BC9CEB8-8B4A-11D0-8D11-00A0C91BC942}") = "test_sample_cache", "test\test_sample_cache.vcxproj", "{A21A8A21-55C9-38BB-8C40-C39666027A94}"
	ProjectSection(ProjectDependencies) = postProject
		{74490D76-9AE4-38AF-9DA1-1B6BE12D5DE2} = {74490D76-9AE4-38AF-9DA1-1B6BE12D5DE2}
		{F4889B7E-C0D1-327C-BE33-F8AB2C6D186A} = {F4889B7E-C0D1-327C-BE33-F8AB2C6D186A}
	EndProjectSection
EndProject
Project("{8BC9CEB8-8B4A-11D0-8D11-00A0C91BC942}") = "test_sample_rate_change", "test\test_sample_rate_change.vcxproj", "{8B6039AF-60A8-3397-9B07-0BAAB3ED6531}"
	ProjectSection(ProjectDependencies) = postProject
		{74490D76-9AE4-38AF-9DA1-1B6BE12D5DE2} = {74490D76-9AE4-38AF-9DA1-1B6BE12D5DE2}
		{F4889B7E-C0D1-327C-BE33-F8AB2C6D186A} = {F4889B7E-C0D1-327C-BE33-F8AB2C6D186A}
	EndProjectSection
EndProject
Project("{8BC9CEB8-8B4A-11D0-8D11-00A0C91BC942}") = "test_seqbind_unregister", "test\test_seqbind_unregister.vcxproj", "{C2F7956D-CA10-3509-96D9-E2B513821CA8}"
	ProjectSection(ProjectDependencies) = postProject
		{74490D76-9AE4-38AF-9DA1-1B6BE12D5DE2} = {74490D76-9AE4-38AF-9DA1-1B6BE12D5DE2}
		{F4889B7E-C0D1-327C-BE33-F8AB2C6D186A} = {F4889B7E-C0D1-327C-BE33-F8AB2C6D186A}
	EndProjectSection
EndProject
Project("{8BC9CEB8-8B4A-11D0-8D11-00A0C91BC942}") = "test_sfont_loading", "test\test_sfont_loading.vcxproj", "{8466F8D3-B1B3-3071-878A-EC3EF3E437E5}"
	ProjectSection(ProjectDependencies) = postProject
		{74490D76-9AE4-38AF-9DA1-1B6BE12D5DE2} = {74490D76-9AE4-38AF-9DA1-1B6BE12D5DE2}
		{F4889B7E-C0D1-327C-BE33-F8AB2C6D186A} = {F4889B7E-C0D1-327C-BE33-F8AB2C6D186A}
	EndProjectSection
EndProject
Project("{8BC9CEB8-8B4A-11D0-8D11-00A0C91BC942}") = "test_snprintf", "test\test_snprintf.vcxproj", "{37B5FC4F-35C9-3030-A73A-6BF0B27501DF}"
	ProjectSection(ProjectDependencies) = postProject
		{74490D76-9AE4-38AF-9DA1-1B6BE12D5DE2} = {74490D76-9AE4-38AF-9DA1-1B6BE12D5DE2}
		{F4889B7E-C0D1-327C-BE33-F8AB2C6D186A} = {F4889B7E-C0D1-327C-BE33-F8AB2C6D186A}
	EndProjectSection
EndProject
Project("{8BC9CEB8-8B4A-11D0-8D11-00A0C91BC942}") = "test_synth_chorus_reverb", "test\test_synth_chorus_reverb.vcxproj", "{C406AE4D-EBA3-3C3D-9236-28FA4E3D895B}"
	ProjectSection(ProjectDependencies) = postProject
		{74490D76-9AE4-38AF-9DA1-1B6BE12D5DE2} = {74490D76-9AE4-38AF-9DA1-1B6BE12D5DE2}
		{F4889B7E-C0D1-327C-BE33-F8AB2C6D186A} = {F4889B7E-C0D1-327C-BE33-F8AB2C6D186A}
	EndProjectSection
EndProject
Project("{8BC9CEB8-8B4A-11D0-8D11-00A0C91BC942}") = "test_synth_process", "test\test_synth_process.vcxproj", "{48022112-E3EB-392B-BCC9-6AAA10CC795F}"
	ProjectSection(ProjectDependencies) = postProject
		{74490D76-9AE4-38AF-9DA1-1B6BE12D5DE2} = {74490D76-9AE4-38AF-9DA1-1B6BE12D5DE2}
		{F4889B7E-C0D1-327C-BE33-F8AB2C6D186A} = {F4889B7E-C0D1-327C-BE33-F8AB2C6D186A}
	EndProjectSection
EndProject
Global
	GlobalSection(SolutionConfigurationPlatforms) = preSolution
		Debug|x64 = Debug|x64
		Release|x64 = Release|x64
		MinSizeRel|x64 = MinSizeRel|x64
		RelWithDebInfo|x64 = RelWithDebInfo|x64
	EndGlobalSection
	GlobalSection(ProjectConfigurationPlatforms) = postSolution
		{EEE1F493-AA4A-3528-87BD-4C6A63E4A548}.Debug|x64.ActiveCfg = Debug|x64
		{EEE1F493-AA4A-3528-87BD-4C6A63E4A548}.Debug|x64.Build.0 = Debug|x64
		{EEE1F493-AA4A-3528-87BD-4C6A63E4A548}.Release|x64.ActiveCfg = Release|x64
		{EEE1F493-AA4A-3528-87BD-4C6A63E4A548}.Release|x64.Build.0 = Release|x64
		{EEE1F493-AA4A-3528-87BD-4C6A63E4A548}.MinSizeRel|x64.ActiveCfg = MinSizeRel|x64
		{EEE1F493-AA4A-3528-87BD-4C6A63E4A548}.MinSizeRel|x64.Build.0 = MinSizeRel|x64
		{EEE1F493-AA4A-3528-87BD-4C6A63E4A548}.RelWithDebInfo|x64.ActiveCfg = RelWithDebInfo|x64
		{EEE1F493-AA4A-3528-87BD-4C6A63E4A548}.RelWithDebInfo|x64.Build.0 = RelWithDebInfo|x64
		{083D5A28-B196-37C8-B009-955B0229733B}.Debug|x64.ActiveCfg = Debug|x64
		{083D5A28-B196-37C8-B009-955B0229733B}.Release|x64.ActiveCfg = Release|x64
		{083D5A28-B196-37C8-B009-955B0229733B}.MinSizeRel|x64.ActiveCfg = MinSizeRel|x64
		{083D5A28-B196-37C8-B009-955B0229733B}.RelWithDebInfo|x64.ActiveCfg = RelWithDebInfo|x64
		{25734DBE-004E-3EE0-A88B-7C907BD48BAA}.Debug|x64.ActiveCfg = Debug|x64
		{25734DBE-004E-3EE0-A88B-7C907BD48BAA}.Release|x64.ActiveCfg = Release|x64
		{25734DBE-004E-3EE0-A88B-7C907BD48BAA}.MinSizeRel|x64.ActiveCfg = MinSizeRel|x64
		{25734DBE-004E-3EE0-A88B-7C907BD48BAA}.RelWithDebInfo|x64.ActiveCfg = RelWithDebInfo|x64
		{74490D76-9AE4-38AF-9DA1-1B6BE12D5DE2}.Debug|x64.ActiveCfg = Debug|x64
		{74490D76-9AE4-38AF-9DA1-1B6BE12D5DE2}.Debug|x64.Build.0 = Debug|x64
		{74490D76-9AE4-38AF-9DA1-1B6BE12D5DE2}.Release|x64.ActiveCfg = Release|x64
		{74490D76-9AE4-38AF-9DA1-1B6BE12D5DE2}.Release|x64.Build.0 = Release|x64
		{74490D76-9AE4-38AF-9DA1-1B6BE12D5DE2}.MinSizeRel|x64.ActiveCfg = MinSizeRel|x64
		{74490D76-9AE4-38AF-9DA1-1B6BE12D5DE2}.MinSizeRel|x64.Build.0 = MinSizeRel|x64
		{74490D76-9AE4-38AF-9DA1-1B6BE12D5DE2}.RelWithDebInfo|x64.ActiveCfg = RelWithDebInfo|x64
		{74490D76-9AE4-38AF-9DA1-1B6BE12D5DE2}.RelWithDebInfo|x64.Build.0 = RelWithDebInfo|x64
		{181E9A95-8857-3BFC-B41A-6A955122A1E3}.Debug|x64.ActiveCfg = Debug|x64
		{181E9A95-8857-3BFC-B41A-6A955122A1E3}.Release|x64.ActiveCfg = Release|x64
		{181E9A95-8857-3BFC-B41A-6A955122A1E3}.MinSizeRel|x64.ActiveCfg = MinSizeRel|x64
		{181E9A95-8857-3BFC-B41A-6A955122A1E3}.RelWithDebInfo|x64.ActiveCfg = RelWithDebInfo|x64
		{44C7AF7F-D9FF-3B5E-8400-F1863B28C955}.Debug|x64.ActiveCfg = Debug|x64
		{44C7AF7F-D9FF-3B5E-8400-F1863B28C955}.Debug|x64.Build.0 = Debug|x64
		{44C7AF7F-D9FF-3B5E-8400-F1863B28C955}.Release|x64.ActiveCfg = Release|x64
		{44C7AF7F-D9FF-3B5E-8400-F1863B28C955}.Release|x64.Build.0 = Release|x64
		{44C7AF7F-D9FF-3B5E-8400-F1863B28C955}.MinSizeRel|x64.ActiveCfg = MinSizeRel|x64
		{44C7AF7F-D9FF-3B5E-8400-F1863B28C955}.MinSizeRel|x64.Build.0 = MinSizeRel|x64
		{44C7AF7F-D9FF-3B5E-8400-F1863B28C955}.RelWithDebInfo|x64.ActiveCfg = RelWithDebInfo|x64
		{44C7AF7F-D9FF-3B5E-8400-F1863B28C955}.RelWithDebInfo|x64.Build.0 = RelWithDebInfo|x64
		{04283F09-FCD5-302B-81EF-B6A371DA8B7F}.Debug|x64.ActiveCfg = Debug|x64
		{04283F09-FCD5-302B-81EF-B6A371DA8B7F}.Debug|x64.Build.0 = Debug|x64
		{04283F09-FCD5-302B-81EF-B6A371DA8B7F}.Release|x64.ActiveCfg = Release|x64
		{04283F09-FCD5-302B-81EF-B6A371DA8B7F}.Release|x64.Build.0 = Release|x64
		{04283F09-FCD5-302B-81EF-B6A371DA8B7F}.MinSizeRel|x64.ActiveCfg = MinSizeRel|x64
		{04283F09-FCD5-302B-81EF-B6A371DA8B7F}.MinSizeRel|x64.Build.0 = MinSizeRel|x64
		{04283F09-FCD5-302B-81EF-B6A371DA8B7F}.RelWithDebInfo|x64.ActiveCfg = RelWithDebInfo|x64
		{04283F09-FCD5-302B-81EF-B6A371DA8B7F}.RelWithDebInfo|x64.Build.0 = RelWithDebInfo|x64
		{025F9762-BD25-3F59-B8CE-11168CEFBCDF}.Debug|x64.ActiveCfg = Debug|x64
		{025F9762-BD25-3F59-B8CE-11168CEFBCDF}.Debug|x64.Build.0 = Debug|x64
		{025F9762-BD25-3F59-B8CE-11168CEFBCDF}.Release|x64.ActiveCfg = Release|x64
		{025F9762-BD25-3F59-B8CE-11168CEFBCDF}.Release|x64.Build.0 = Release|x64
		{025F9762-BD25-3F59-B8CE-11168CEFBCDF}.MinSizeRel|x64.ActiveCfg = MinSizeRel|x64
		{025F9762-BD25-3F59-B8CE-11168CEFBCDF}.MinSizeRel|x64.Build.0 = MinSizeRel|x64
		{025F9762-BD25-3F59-B8CE-11168CEFBCDF}.RelWithDebInfo|x64.ActiveCfg = RelWithDebInfo|x64
		{025F9762-BD25-3F59-B8CE-11168CEFBCDF}.RelWithDebInfo|x64.Build.0 = RelWithDebInfo|x64
		{F4889B7E-C0D1-327C-BE33-F8AB2C6D186A}.Debug|x64.ActiveCfg = Debug|x64
		{F4889B7E-C0D1-327C-BE33-F8AB2C6D186A}.Debug|x64.Build.0 = Debug|x64
		{F4889B7E-C0D1-327C-BE33-F8AB2C6D186A}.Release|x64.ActiveCfg = Release|x64
		{F4889B7E-C0D1-327C-BE33-F8AB2C6D186A}.Release|x64.Build.0 = Release|x64
		{F4889B7E-C0D1-327C-BE33-F8AB2C6D186A}.MinSizeRel|x64.ActiveCfg = MinSizeRel|x64
		{F4889B7E-C0D1-327C-BE33-F8AB2C6D186A}.MinSizeRel|x64.Build.0 = MinSizeRel|x64
		{F4889B7E-C0D1-327C-BE33-F8AB2C6D186A}.RelWithDebInfo|x64.ActiveCfg = RelWithDebInfo|x64
		{F4889B7E-C0D1-327C-BE33-F8AB2C6D186A}.RelWithDebInfo|x64.Build.0 = RelWithDebInfo|x64
		{BF569320-9C87-30AF-909F-CF1E65E1E015}.Debug|x64.ActiveCfg = Debug|x64
		{BF569320-9C87-30AF-909F-CF1E65E1E015}.Debug|x64.Build.0 = Debug|x64
		{BF569320-9C87-30AF-909F-CF1E65E1E015}.Release|x64.ActiveCfg = Release|x64
		{BF569320-9C87-30AF-909F-CF1E65E1E015}.Release|x64.Build.0 = Release|x64
		{BF569320-9C87-30AF-909F-CF1E65E1E015}.MinSizeRel|x64.ActiveCfg = MinSizeRel|x64
		{BF569320-9C87-30AF-909F-CF1E65E1E015}.MinSizeRel|x64.Build.0 = MinSizeRel|x64
		{BF569320-9C87-30AF-909F-CF1E65E1E015}.RelWithDebInfo|x64.ActiveCfg = RelWithDebInfo|x64
		{BF569320-9C87-30AF-909F-CF1E65E1E015}.RelWithDebInfo|x64.Build.0 = RelWithDebInfo|x64
		{A21A8A21-55C9-38BB-8C40-C39666027A94}.Debug|x64.ActiveCfg = Debug|x64
		{A21A8A21-55C9-38BB-8C40-C39666027A94}.Debug|x64.Build.0 = Debug|x64
		{A21A8A21-55C9-38BB-8C40-C39666027A94}.Release|x64.ActiveCfg = Release|x64
		{A21A8A21-55C9-38BB-8C40-C39666027A94}.Release|x64.Build.0 = Release|x64
		{A21A8A21-55C9-38BB-8C40-C39666027A94}.MinSizeRel|x64.ActiveCfg = MinSizeRel|x64
		{A21A8A21-55C9-38BB-8C40-C39666027A94}.MinSizeRel|x64.Build.0 = MinSizeRel|x64
		{A21A8A21-55C9-38BB-8C40-C39666027A94}.RelWithDebInfo|x64.ActiveCfg = RelWithDebInfo|x64
		{A21A8A21-55C9-38BB-8C40-C39666027A94}.RelWithDebInfo|x64.Build.0 = RelWithDebInfo|x64
		{8B6039AF-60A8-3397-9B07-0BAAB3ED6531}.Debug|x64.ActiveCfg = Debug|x64
		{8B6039AF-60A8-3397-9B07-0BAAB3ED6531}.Debug|x64.Build.0 = Debug|x64
		{8B6039AF-60A8-3397-9B07-0BAAB3ED6531}.Release|x64.ActiveCfg = Release|x64
		{8B6039AF-60A8-3397-9B07-0BAAB3ED6531}.Release|x64.Build.0 = Release|x64
		{8B6039AF-60A8-3397-9B07-0BAAB3ED6531}.MinSizeRel|x64.ActiveCfg = MinSizeRel|x64
		{8B6039AF-60A8-3397-9B07-0BAAB3ED6531}.MinSizeRel|x64.Build.0 = MinSizeRel|x64
		{8B6039AF-60A8-3397-9B07-0BAAB3ED6531}.RelWithDebInfo|x64.ActiveCfg = RelWithDebInfo|x64
		{8B6039AF-60A8-3397-9B07-0BAAB3ED6531}.RelWithDebInfo|x64.Build.0 = RelWithDebInfo|x64
		{C2F7956D-CA10-3509-96D9-E2B513821CA8}.Debug|x64.ActiveCfg = Debug|x64
		{C2F7956D-CA10-3509-96D9-E2B513821CA8}.Debug|x64.Build.0 = Debug|x64
		{C2F7956D-CA10-3509-96D9-E2B513821CA8}.Release|x64.ActiveCfg = Release|x64
		{C2F7956D-CA10-3509-96D9-E2B513821CA8}.Release|x64.Build.0 = Release|x64
		{C2F7956D-CA10-3509-96D9-E2B513821CA8}.MinSizeRel|x64.ActiveCfg = MinSizeRel|x64
		{C2F7956D-CA10-3509-96D9-E2B513821CA8}.MinSizeRel|x64.Build.0 = MinSizeRel|x64
		{C2F7956D-CA10-3509-96D9-E2B513821CA8}.RelWithDebInfo|x64.ActiveCfg = RelWithDebInfo|x64
		{C2F7956D-CA10-3509-96D9-E2B513821CA8}.RelWithDebInfo|x64.Build.0 = RelWithDebInfo|x64
		{8466F8D3-B1B3-3071-878A-EC3EF3E437E5}.Debug|x64.ActiveCfg = Debug|x64
		{8466F8D3-B1B3-3071-878A-EC3EF3E437E5}.Debug|x64.Build.0 = Debug|x64
		{8466F8D3-B1B3-3071-878A-EC3EF3E437E5}.Release|x64.ActiveCfg = Release|x64
		{8466F8D3-B1B3-3071-878A-EC3EF3E437E5}.Release|x64.Build.0 = Release|x64
		{8466F8D3-B1B3-3071-878A-EC3EF3E437E5}.MinSizeRel|x64.ActiveCfg = MinSizeRel|x64
		{8466F8D3-B1B3-3071-878A-EC3EF3E437E5}.MinSizeRel|x64.Build.0 = MinSizeRel|x64
		{8466F8D3-B1B3-3071-878A-EC3EF3E437E5}.RelWithDebInfo|x64.ActiveCfg = RelWithDebInfo|x64
		{8466F8D3-B1B3-3071-878A-EC3EF3E437E5}.RelWithDebInfo|x64.Build.0 = RelWithDebInfo|x64
		{37B5FC4F-35C9-3030-A73A-6BF0B27501DF}.Debug|x64.ActiveCfg = Debug|x64
		{37B5FC4F-35C9-3030-A73A-6BF0B27501DF}.Debug|x64.Build.0 = Debug|x64
		{37B5FC4F-35C9-3030-A73A-6BF0B27501DF}.Release|x64.ActiveCfg = Release|x64
		{37B5FC4F-35C9-3030-A73A-6BF0B27501DF}.Release|x64.Build.0 = Release|x64
		{37B5FC4F-35C9-3030-A73A-6BF0B27501DF}.MinSizeRel|x64.ActiveCfg = MinSizeRel|x64
		{37B5FC4F-35C9-3030-A73A-6BF0B27501DF}.MinSizeRel|x64.Build.0 = MinSizeRel|x64
		{37B5FC4F-35C9-3030-A73A-6BF0B27501DF}.RelWithDebInfo|x64.ActiveCfg = RelWithDebInfo|x64
		{37B5FC4F-35C9-3030-A73A-6BF0B27501DF}.RelWithDebInfo|x64.Build.0 = RelWithDebInfo|x64
		{C406AE4D-EBA3-3C3D-9236-28FA4E3D895B}.Debug|x64.ActiveCfg = Debug|x64
		{C406AE4D-EBA3-3C3D-9236-28FA4E3D895B}.Debug|x64.Build.0 = Debug|x64
		{C406AE4D-EBA3-3C3D-9236-28FA4E3D895B}.Release|x64.ActiveCfg = Release|x64
		{C406AE4D-EBA3-3C3D-9236-28FA4E3D895B}.Release|x64.Build.0 = Release|x64
		{C406AE4D-EBA3-3C3D-9236-28FA4E3D895B}.MinSizeRel|x64.ActiveCfg = MinSizeRel|x64
		{C406AE4D-EBA3-3C3D-9236-28FA4E3D895B}.MinSizeRel|x64.Build.0 = MinSizeRel|x64
		{C406AE4D-EBA3-3C3D-9236-28FA4E3D895B}.RelWithDebInfo|x64.ActiveCfg = RelWithDebInfo|x64
		{C406AE4D-EBA3-3C3D-9236-28FA4E3D895B}.RelWithDebInfo|x64.Build.0 = RelWithDebInfo|x64
		{48022112-E3EB-392B-BCC9-6AAA10CC795F}.Debug|x64.ActiveCfg = Debug|x64
		{48022112-E3EB-392B-BCC9-6AAA10CC795F}.Debug|x64.Build.0 = Debug|x64
		{48022112-E3EB-392B-BCC9-6AAA10CC795F}.Release|x64.ActiveCfg = Release|x64
		{48022112-E3EB-392B-BCC9-6AAA10CC795F}.Release|x64.Build.0 = Release|x64
		{48022112-E3EB-392B-BCC9-6AAA10CC795F}.MinSizeRel|x64.ActiveCfg = MinSizeRel|x64
		{48022112-E3EB-392B-BCC9-6AAA10CC795F}.MinSizeRel|x64.Build.0 = MinSizeRel|x64
		{48022112-E3EB-392B-BCC9-6AAA10CC795F}.RelWithDebInfo|x64.ActiveCfg = RelWithDebInfo|x64
		{48022112-E3EB-392B-BCC9-6AAA10CC795F}.RelWithDebInfo|x64.Build.0 = RelWithDebInfo|x64
	EndGlobalSection
	GlobalSection(ExtensibilityGlobals) = postSolution
		SolutionGuid = {9A8FE5E7-A4A1-3BF6-96BE-391EC889CAB4}
	EndGlobalSection
	GlobalSection(ExtensibilityAddIns) = postSolution
	EndGlobalSection
EndGlobal
