<?xml version="1.0" encoding="utf-8"?>
<Project ToolsVersion="15.0" xmlns="http://schemas.microsoft.com/developer/msbuild/2003">
  <ItemGroup>
    <ClCompile Include="G:\1.devproject\kumyoung-karaoke-clone\work\FluidSynth\fluidsynth-2.0.6\src\fluidsynth.c">
      <Filter>Source Files</Filter>
    </ClCompile>
  </ItemGroup>
  <ItemGroup>
    <CustomBuild Include="G:\1.devproject\kumyoung-karaoke-clone\work\FluidSynth\fluidsynth-2.0.6\src\CMakeLists.txt" />
  </ItemGroup>
  <ItemGroup>
    <Filter Include="Source Files">
      <UniqueIdentifier>{B019749C-78F5-3972-83B8-73181327F773}</UniqueIdentifier>
    </Filter>
  </ItemGroup>
</Project>
