<?xml version="1.0" encoding="utf-8"?>
<Project ToolsVersion="15.0" xmlns="http://schemas.microsoft.com/developer/msbuild/2003">
  <ItemGroup>
    <ClCompile Include="G:\1.devproject\kumyoung-karaoke-clone\work\FluidSynth\fluidsynth-2.0.6\src\drivers\fluid_aufile.c">
      <Filter>Source Files</Filter>
    </ClCompile>
    <ClCompile Include="G:\1.devproject\kumyoung-karaoke-clone\work\FluidSynth\fluidsynth-2.0.6\src\drivers\fluid_dsound.c">
      <Filter>Source Files</Filter>
    </ClCompile>
    <ClCompile Include="G:\1.devproject\kumyoung-karaoke-clone\work\FluidSynth\fluidsynth-2.0.6\src\drivers\fluid_winmidi.c">
      <Filter>Source Files</Filter>
    </ClCompile>
    <ClCompile Include="G:\1.devproject\kumyoung-karaoke-clone\work\FluidSynth\fluidsynth-2.0.6\src\utils\fluid_conv.c">
      <Filter>Source Files</Filter>
    </ClCompile>
    <ClCompile Include="G:\1.devproject\kumyoung-karaoke-clone\work\FluidSynth\fluidsynth-2.0.6\src\utils\fluid_hash.c">
      <Filter>Source Files</Filter>
    </ClCompile>
    <ClCompile Include="G:\1.devproject\kumyoung-karaoke-clone\work\FluidSynth\fluidsynth-2.0.6\src\utils\fluid_list.c">
      <Filter>Source Files</Filter>
    </ClCompile>
    <ClCompile Include="G:\1.devproject\kumyoung-karaoke-clone\work\FluidSynth\fluidsynth-2.0.6\src\utils\fluid_ringbuffer.c">
      <Filter>Source Files</Filter>
    </ClCompile>
    <ClCompile Include="G:\1.devproject\kumyoung-karaoke-clone\work\FluidSynth\fluidsynth-2.0.6\src\utils\fluid_settings.c">
      <Filter>Source Files</Filter>
    </ClCompile>
    <ClCompile Include="G:\1.devproject\kumyoung-karaoke-clone\work\FluidSynth\fluidsynth-2.0.6\src\utils\fluid_sys.c">
      <Filter>Source Files</Filter>
    </ClCompile>
    <ClCompile Include="G:\1.devproject\kumyoung-karaoke-clone\work\FluidSynth\fluidsynth-2.0.6\src\sfloader\fluid_defsfont.c">
      <Filter>Source Files</Filter>
    </ClCompile>
    <ClCompile Include="G:\1.devproject\kumyoung-karaoke-clone\work\FluidSynth\fluidsynth-2.0.6\src\sfloader\fluid_sfont.c">
      <Filter>Source Files</Filter>
    </ClCompile>
    <ClCompile Include="G:\1.devproject\kumyoung-karaoke-clone\work\FluidSynth\fluidsynth-2.0.6\src\sfloader\fluid_sffile.c">
      <Filter>Source Files</Filter>
    </ClCompile>
    <ClCompile Include="G:\1.devproject\kumyoung-karaoke-clone\work\FluidSynth\fluidsynth-2.0.6\src\sfloader\fluid_samplecache.c">
      <Filter>Source Files</Filter>
    </ClCompile>
    <ClCompile Include="G:\1.devproject\kumyoung-karaoke-clone\work\FluidSynth\fluidsynth-2.0.6\src\rvoice\fluid_adsr_env.c">
      <Filter>Source Files</Filter>
    </ClCompile>
    <ClCompile Include="G:\1.devproject\kumyoung-karaoke-clone\work\FluidSynth\fluidsynth-2.0.6\src\rvoice\fluid_chorus.c">
      <Filter>Source Files</Filter>
    </ClCompile>
    <ClCompile Include="G:\1.devproject\kumyoung-karaoke-clone\work\FluidSynth\fluidsynth-2.0.6\src\rvoice\fluid_iir_filter.c">
      <Filter>Source Files</Filter>
    </ClCompile>
    <ClCompile Include="G:\1.devproject\kumyoung-karaoke-clone\work\FluidSynth\fluidsynth-2.0.6\src\rvoice\fluid_lfo.c">
      <Filter>Source Files</Filter>
    </ClCompile>
    <ClCompile Include="G:\1.devproject\kumyoung-karaoke-clone\work\FluidSynth\fluidsynth-2.0.6\src\rvoice\fluid_rvoice.c">
      <Filter>Source Files</Filter>
    </ClCompile>
    <ClCompile Include="G:\1.devproject\kumyoung-karaoke-clone\work\FluidSynth\fluidsynth-2.0.6\src\rvoice\fluid_rvoice_dsp.c">
      <Filter>Source Files</Filter>
    </ClCompile>
    <ClCompile Include="G:\1.devproject\kumyoung-karaoke-clone\work\FluidSynth\fluidsynth-2.0.6\src\rvoice\fluid_rvoice_event.c">
      <Filter>Source Files</Filter>
    </ClCompile>
    <ClCompile Include="G:\1.devproject\kumyoung-karaoke-clone\work\FluidSynth\fluidsynth-2.0.6\src\rvoice\fluid_rvoice_mixer.c">
      <Filter>Source Files</Filter>
    </ClCompile>
    <ClCompile Include="G:\1.devproject\kumyoung-karaoke-clone\work\FluidSynth\fluidsynth-2.0.6\src\rvoice\fluid_rev.c">
      <Filter>Source Files</Filter>
    </ClCompile>
    <ClCompile Include="G:\1.devproject\kumyoung-karaoke-clone\work\FluidSynth\fluidsynth-2.0.6\src\synth\fluid_chan.c">
      <Filter>Source Files</Filter>
    </ClCompile>
    <ClCompile Include="G:\1.devproject\kumyoung-karaoke-clone\work\FluidSynth\fluidsynth-2.0.6\src\synth\fluid_event.c">
      <Filter>Source Files</Filter>
    </ClCompile>
    <ClCompile Include="G:\1.devproject\kumyoung-karaoke-clone\work\FluidSynth\fluidsynth-2.0.6\src\synth\fluid_gen.c">
      <Filter>Source Files</Filter>
    </ClCompile>
    <ClCompile Include="G:\1.devproject\kumyoung-karaoke-clone\work\FluidSynth\fluidsynth-2.0.6\src\synth\fluid_mod.c">
      <Filter>Source Files</Filter>
    </ClCompile>
    <ClCompile Include="G:\1.devproject\kumyoung-karaoke-clone\work\FluidSynth\fluidsynth-2.0.6\src\synth\fluid_synth.c">
      <Filter>Source Files</Filter>
    </ClCompile>
    <ClCompile Include="G:\1.devproject\kumyoung-karaoke-clone\work\FluidSynth\fluidsynth-2.0.6\src\synth\fluid_synth_monopoly.c">
      <Filter>Source Files</Filter>
    </ClCompile>
    <ClCompile Include="G:\1.devproject\kumyoung-karaoke-clone\work\FluidSynth\fluidsynth-2.0.6\src\synth\fluid_tuning.c">
      <Filter>Source Files</Filter>
    </ClCompile>
    <ClCompile Include="G:\1.devproject\kumyoung-karaoke-clone\work\FluidSynth\fluidsynth-2.0.6\src\synth\fluid_voice.c">
      <Filter>Source Files</Filter>
    </ClCompile>
    <ClCompile Include="G:\1.devproject\kumyoung-karaoke-clone\work\FluidSynth\fluidsynth-2.0.6\src\midi\fluid_midi.c">
      <Filter>Source Files</Filter>
    </ClCompile>
    <ClCompile Include="G:\1.devproject\kumyoung-karaoke-clone\work\FluidSynth\fluidsynth-2.0.6\src\midi\fluid_midi_router.c">
      <Filter>Source Files</Filter>
    </ClCompile>
    <ClCompile Include="G:\1.devproject\kumyoung-karaoke-clone\work\FluidSynth\fluidsynth-2.0.6\src\midi\fluid_seqbind.c">
      <Filter>Source Files</Filter>
    </ClCompile>
    <ClCompile Include="G:\1.devproject\kumyoung-karaoke-clone\work\FluidSynth\fluidsynth-2.0.6\src\midi\fluid_seq.c">
      <Filter>Source Files</Filter>
    </ClCompile>
    <ClCompile Include="G:\1.devproject\kumyoung-karaoke-clone\work\FluidSynth\fluidsynth-2.0.6\src\drivers\fluid_adriver.c">
      <Filter>Source Files</Filter>
    </ClCompile>
    <ClCompile Include="G:\1.devproject\kumyoung-karaoke-clone\work\FluidSynth\fluidsynth-2.0.6\src\drivers\fluid_mdriver.c">
      <Filter>Source Files</Filter>
    </ClCompile>
    <ClCompile Include="G:\1.devproject\kumyoung-karaoke-clone\work\FluidSynth\fluidsynth-2.0.6\src\bindings\fluid_cmd.c">
      <Filter>Source Files</Filter>
    </ClCompile>
    <ClCompile Include="G:\1.devproject\kumyoung-karaoke-clone\work\FluidSynth\fluidsynth-2.0.6\src\bindings\fluid_filerenderer.c">
      <Filter>Source Files</Filter>
    </ClCompile>
    <ClCompile Include="G:\1.devproject\kumyoung-karaoke-clone\work\FluidSynth\fluidsynth-2.0.6\src\bindings\fluid_ladspa.c">
      <Filter>Source Files</Filter>
    </ClCompile>
  </ItemGroup>
  <ItemGroup>
    <ClInclude Include="G:\1.devproject\kumyoung-karaoke-clone\work\FluidSynth\fluidsynth-2.0.6\config.h">
      <Filter>Header Files</Filter>
    </ClInclude>
    <ClInclude Include="G:\1.devproject\kumyoung-karaoke-clone\work\FluidSynth\fluidsynth-2.0.6\src\utils\fluid_conv.h">
      <Filter>Header Files</Filter>
    </ClInclude>
    <ClInclude Include="G:\1.devproject\kumyoung-karaoke-clone\work\FluidSynth\fluidsynth-2.0.6\src\utils\fluid_hash.h">
      <Filter>Header Files</Filter>
    </ClInclude>
    <ClInclude Include="G:\1.devproject\kumyoung-karaoke-clone\work\FluidSynth\fluidsynth-2.0.6\src\utils\fluid_list.h">
      <Filter>Header Files</Filter>
    </ClInclude>
    <ClInclude Include="G:\1.devproject\kumyoung-karaoke-clone\work\FluidSynth\fluidsynth-2.0.6\src\utils\fluid_ringbuffer.h">
      <Filter>Header Files</Filter>
    </ClInclude>
    <ClInclude Include="G:\1.devproject\kumyoung-karaoke-clone\work\FluidSynth\fluidsynth-2.0.6\src\utils\fluid_settings.h">
      <Filter>Header Files</Filter>
    </ClInclude>
    <ClInclude Include="G:\1.devproject\kumyoung-karaoke-clone\work\FluidSynth\fluidsynth-2.0.6\src\utils\fluidsynth_priv.h">
      <Filter>Header Files</Filter>
    </ClInclude>
    <ClInclude Include="G:\1.devproject\kumyoung-karaoke-clone\work\FluidSynth\fluidsynth-2.0.6\src\utils\fluid_sys.h">
      <Filter>Header Files</Filter>
    </ClInclude>
    <ClInclude Include="G:\1.devproject\kumyoung-karaoke-clone\work\FluidSynth\fluidsynth-2.0.6\src\sfloader\fluid_defsfont.h">
      <Filter>Header Files</Filter>
    </ClInclude>
    <ClInclude Include="G:\1.devproject\kumyoung-karaoke-clone\work\FluidSynth\fluidsynth-2.0.6\src\sfloader\fluid_sfont.h">
      <Filter>Header Files</Filter>
    </ClInclude>
    <ClInclude Include="G:\1.devproject\kumyoung-karaoke-clone\work\FluidSynth\fluidsynth-2.0.6\src\sfloader\fluid_sffile.h">
      <Filter>Header Files</Filter>
    </ClInclude>
    <ClInclude Include="G:\1.devproject\kumyoung-karaoke-clone\work\FluidSynth\fluidsynth-2.0.6\src\sfloader\fluid_samplecache.h">
      <Filter>Header Files</Filter>
    </ClInclude>
    <ClInclude Include="G:\1.devproject\kumyoung-karaoke-clone\work\FluidSynth\fluidsynth-2.0.6\src\rvoice\fluid_adsr_env.h">
      <Filter>Header Files</Filter>
    </ClInclude>
    <ClInclude Include="G:\1.devproject\kumyoung-karaoke-clone\work\FluidSynth\fluidsynth-2.0.6\src\rvoice\fluid_chorus.h">
      <Filter>Header Files</Filter>
    </ClInclude>
    <ClInclude Include="G:\1.devproject\kumyoung-karaoke-clone\work\FluidSynth\fluidsynth-2.0.6\src\rvoice\fluid_iir_filter.h">
      <Filter>Header Files</Filter>
    </ClInclude>
    <ClInclude Include="G:\1.devproject\kumyoung-karaoke-clone\work\FluidSynth\fluidsynth-2.0.6\src\rvoice\fluid_lfo.h">
      <Filter>Header Files</Filter>
    </ClInclude>
    <ClInclude Include="G:\1.devproject\kumyoung-karaoke-clone\work\FluidSynth\fluidsynth-2.0.6\src\rvoice\fluid_rvoice.h">
      <Filter>Header Files</Filter>
    </ClInclude>
    <ClInclude Include="G:\1.devproject\kumyoung-karaoke-clone\work\FluidSynth\fluidsynth-2.0.6\src\rvoice\fluid_rvoice_event.h">
      <Filter>Header Files</Filter>
    </ClInclude>
    <ClInclude Include="G:\1.devproject\kumyoung-karaoke-clone\work\FluidSynth\fluidsynth-2.0.6\src\rvoice\fluid_rvoice_mixer.h">
      <Filter>Header Files</Filter>
    </ClInclude>
    <ClInclude Include="G:\1.devproject\kumyoung-karaoke-clone\work\FluidSynth\fluidsynth-2.0.6\src\rvoice\fluid_phase.h">
      <Filter>Header Files</Filter>
    </ClInclude>
    <ClInclude Include="G:\1.devproject\kumyoung-karaoke-clone\work\FluidSynth\fluidsynth-2.0.6\src\rvoice\fluid_rev.h">
      <Filter>Header Files</Filter>
    </ClInclude>
    <ClInclude Include="G:\1.devproject\kumyoung-karaoke-clone\work\FluidSynth\fluidsynth-2.0.6\src\synth\fluid_chan.h">
      <Filter>Header Files</Filter>
    </ClInclude>
    <ClInclude Include="G:\1.devproject\kumyoung-karaoke-clone\work\FluidSynth\fluidsynth-2.0.6\src\synth\fluid_event.h">
      <Filter>Header Files</Filter>
    </ClInclude>
    <ClInclude Include="G:\1.devproject\kumyoung-karaoke-clone\work\FluidSynth\fluidsynth-2.0.6\src\synth\fluid_gen.h">
      <Filter>Header Files</Filter>
    </ClInclude>
    <ClInclude Include="G:\1.devproject\kumyoung-karaoke-clone\work\FluidSynth\fluidsynth-2.0.6\src\synth\fluid_mod.h">
      <Filter>Header Files</Filter>
    </ClInclude>
    <ClInclude Include="G:\1.devproject\kumyoung-karaoke-clone\work\FluidSynth\fluidsynth-2.0.6\src\synth\fluid_synth.h">
      <Filter>Header Files</Filter>
    </ClInclude>
    <ClInclude Include="G:\1.devproject\kumyoung-karaoke-clone\work\FluidSynth\fluidsynth-2.0.6\src\synth\fluid_tuning.h">
      <Filter>Header Files</Filter>
    </ClInclude>
    <ClInclude Include="G:\1.devproject\kumyoung-karaoke-clone\work\FluidSynth\fluidsynth-2.0.6\src\synth\fluid_voice.h">
      <Filter>Header Files</Filter>
    </ClInclude>
    <ClInclude Include="G:\1.devproject\kumyoung-karaoke-clone\work\FluidSynth\fluidsynth-2.0.6\src\midi\fluid_midi.h">
      <Filter>Header Files</Filter>
    </ClInclude>
    <ClInclude Include="G:\1.devproject\kumyoung-karaoke-clone\work\FluidSynth\fluidsynth-2.0.6\src\midi\fluid_midi_router.h">
      <Filter>Header Files</Filter>
    </ClInclude>
    <ClInclude Include="G:\1.devproject\kumyoung-karaoke-clone\work\FluidSynth\fluidsynth-2.0.6\src\drivers\fluid_adriver.h">
      <Filter>Header Files</Filter>
    </ClInclude>
    <ClInclude Include="G:\1.devproject\kumyoung-karaoke-clone\work\FluidSynth\fluidsynth-2.0.6\src\drivers\fluid_mdriver.h">
      <Filter>Header Files</Filter>
    </ClInclude>
    <ClInclude Include="G:\1.devproject\kumyoung-karaoke-clone\work\FluidSynth\fluidsynth-2.0.6\src\bindings\fluid_cmd.h">
      <Filter>Header Files</Filter>
    </ClInclude>
    <ClInclude Include="G:\1.devproject\kumyoung-karaoke-clone\work\FluidSynth\fluidsynth-2.0.6\src\bindings\fluid_ladspa.h">
      <Filter>Header Files</Filter>
    </ClInclude>
    <ClInclude Include="G:\1.devproject\kumyoung-karaoke-clone\work\FluidSynth\fluidsynth-2.0.6\include\fluidsynth\audio.h">
      <Filter>Header Files</Filter>
    </ClInclude>
    <ClInclude Include="G:\1.devproject\kumyoung-karaoke-clone\work\FluidSynth\fluidsynth-2.0.6\include\fluidsynth\event.h">
      <Filter>Header Files</Filter>
    </ClInclude>
    <ClInclude Include="G:\1.devproject\kumyoung-karaoke-clone\work\FluidSynth\fluidsynth-2.0.6\include\fluidsynth\gen.h">
      <Filter>Header Files</Filter>
    </ClInclude>
    <ClInclude Include="G:\1.devproject\kumyoung-karaoke-clone\work\FluidSynth\fluidsynth-2.0.6\include\fluidsynth\ladspa.h">
      <Filter>Header Files</Filter>
    </ClInclude>
    <ClInclude Include="G:\1.devproject\kumyoung-karaoke-clone\work\FluidSynth\fluidsynth-2.0.6\include\fluidsynth\log.h">
      <Filter>Header Files</Filter>
    </ClInclude>
    <ClInclude Include="G:\1.devproject\kumyoung-karaoke-clone\work\FluidSynth\fluidsynth-2.0.6\include\fluidsynth\midi.h">
      <Filter>Header Files</Filter>
    </ClInclude>
    <ClInclude Include="G:\1.devproject\kumyoung-karaoke-clone\work\FluidSynth\fluidsynth-2.0.6\include\fluidsynth\misc.h">
      <Filter>Header Files</Filter>
    </ClInclude>
    <ClInclude Include="G:\1.devproject\kumyoung-karaoke-clone\work\FluidSynth\fluidsynth-2.0.6\include\fluidsynth\mod.h">
      <Filter>Header Files</Filter>
    </ClInclude>
    <ClInclude Include="G:\1.devproject\kumyoung-karaoke-clone\work\FluidSynth\fluidsynth-2.0.6\include\fluidsynth\seq.h">
      <Filter>Header Files</Filter>
    </ClInclude>
    <ClInclude Include="G:\1.devproject\kumyoung-karaoke-clone\work\FluidSynth\fluidsynth-2.0.6\include\fluidsynth\seqbind.h">
      <Filter>Header Files</Filter>
    </ClInclude>
    <ClInclude Include="G:\1.devproject\kumyoung-karaoke-clone\work\FluidSynth\fluidsynth-2.0.6\include\fluidsynth\settings.h">
      <Filter>Header Files</Filter>
    </ClInclude>
    <ClInclude Include="G:\1.devproject\kumyoung-karaoke-clone\work\FluidSynth\fluidsynth-2.0.6\include\fluidsynth\sfont.h">
      <Filter>Header Files</Filter>
    </ClInclude>
    <ClInclude Include="G:\1.devproject\kumyoung-karaoke-clone\work\FluidSynth\fluidsynth-2.0.6\include\fluidsynth\shell.h">
      <Filter>Header Files</Filter>
    </ClInclude>
    <ClInclude Include="G:\1.devproject\kumyoung-karaoke-clone\work\FluidSynth\fluidsynth-2.0.6\include\fluidsynth\synth.h">
      <Filter>Header Files</Filter>
    </ClInclude>
    <ClInclude Include="G:\1.devproject\kumyoung-karaoke-clone\work\FluidSynth\fluidsynth-2.0.6\include\fluidsynth\types.h">
      <Filter>Header Files</Filter>
    </ClInclude>
    <ClInclude Include="G:\1.devproject\kumyoung-karaoke-clone\work\FluidSynth\fluidsynth-2.0.6\include\fluidsynth\voice.h">
      <Filter>Header Files</Filter>
    </ClInclude>
    <ClInclude Include="G:\1.devproject\kumyoung-karaoke-clone\work\FluidSynth\fluidsynth-2.0.6\include\fluidsynth\version.h">
      <Filter>Header Files</Filter>
    </ClInclude>
    <ClInclude Include="G:\1.devproject\kumyoung-karaoke-clone\work\FluidSynth\fluidsynth-2.0.6\include\fluidsynth.h">
      <Filter>Header Files</Filter>
    </ClInclude>
    <ClInclude Include="G:\1.devproject\kumyoung-karaoke-clone\work\FluidSynth\fluidsynth-2.0.6\src\VersionInfo.h">
      <Filter>Header Files</Filter>
    </ClInclude>
  </ItemGroup>
  <ItemGroup>
    <CustomBuild Include="G:\1.devproject\kumyoung-karaoke-clone\work\FluidSynth\fluidsynth-2.0.6\src\CMakeLists.txt" />
  </ItemGroup>
  <ItemGroup>
    <ResourceCompile Include="G:\1.devproject\kumyoung-karaoke-clone\work\FluidSynth\fluidsynth-2.0.6\src\VersionResource.rc">
      <Filter>Source Files</Filter>
    </ResourceCompile>
  </ItemGroup>
  <ItemGroup>
    <Filter Include="Header Files">
      <UniqueIdentifier>{96969290-ED2F-3946-B8C3-C0A5F88A3497}</UniqueIdentifier>
    </Filter>
    <Filter Include="Source Files">
      <UniqueIdentifier>{B019749C-78F5-3972-83B8-73181327F773}</UniqueIdentifier>
    </Filter>
  </ItemGroup>
</Project>
